
Microsoft Visual Studio Solution File, Format Version 12.00
# Visual Studio 15
VisualStudioVersion = 15.0.26124.0
MinimumVisualStudioVersion = 15.0.26124.0
Project("{FAE04EC0-301F-11D3-BF4B-00C04F79EFBC}") = "tiger-pistol-code-challenge", "src\tiger-pistol-code-challenge.csproj", "{BA2E14DA-C807-4422-AD0A-55BD2D00AE39}"
EndProject
Project("{FAE04EC0-301F-11D3-BF4B-00C04F79EFBC}") = "tiger-pistol-code-challenge-test", "test\tiger-pistol-code-challenge-test.csproj", "{F9AEA06D-4827-4B85-9E08-EB980248B2EE}"
EndProject
Global
	GlobalSection(SolutionConfigurationPlatforms) = preSolution
		Debug|Any CPU = Debug|Any CPU
		Debug|x64 = Debug|x64
		Debug|x86 = Debug|x86
		Release|Any CPU = Release|Any CPU
		Release|x64 = Release|x64
		Release|x86 = Release|x86
	EndGlobalSection
	GlobalSection(SolutionProperties) = preSolution
		HideSolutionNode = FALSE
	EndGlobalSection
	GlobalSection(ProjectConfigurationPlatforms) = postSolution
		{BA2E14DA-C807-4422-AD0A-55BD2D00AE39}.Debug|Any CPU.ActiveCfg = Debug|Any CPU
		{BA2E14DA-C807-4422-AD0A-55BD2D00AE39}.Debug|Any CPU.Build.0 = Debug|Any CPU
		{BA2E14DA-C807-4422-AD0A-55BD2D00AE39}.Debug|x64.ActiveCfg = Debug|Any CPU
		{BA2E14DA-C807-4422-AD0A-55BD2D00AE39}.Debug|x64.Build.0 = Debug|Any CPU
		{BA2E14DA-C807-4422-AD0A-55BD2D00AE39}.Debug|x86.ActiveCfg = Debug|Any CPU
		{BA2E14DA-C807-4422-AD0A-55BD2D00AE39}.Debug|x86.Build.0 = Debug|Any CPU
		{BA2E14DA-C807-4422-AD0A-55BD2D00AE39}.Release|Any CPU.ActiveCfg = Release|Any CPU
		{BA2E14DA-C807-4422-AD0A-55BD2D00AE39}.Release|Any CPU.Build.0 = Release|Any CPU
		{BA2E14DA-C807-4422-AD0A-55BD2D00AE39}.Release|x64.ActiveCfg = Release|Any CPU
		{BA2E14DA-C807-4422-AD0A-55BD2D00AE39}.Release|x64.Build.0 = Release|Any CPU
		{BA2E14DA-C807-4422-AD0A-55BD2D00AE39}.Release|x86.ActiveCfg = Release|Any CPU
		{BA2E14DA-C807-4422-AD0A-55BD2D00AE39}.Release|x86.Build.0 = Release|Any CPU
		{F9AEA06D-4827-4B85-9E08-EB980248B2EE}.Debug|Any CPU.ActiveCfg = Debug|Any CPU
		{F9AEA06D-4827-4B85-9E08-EB980248B2EE}.Debug|Any CPU.Build.0 = Debug|Any CPU
		{F9AEA06D-4827-4B85-9E08-EB980248B2EE}.Debug|x64.ActiveCfg = Debug|Any CPU
		{F9AEA06D-4827-4B85-9E08-EB980248B2EE}.Debug|x64.Build.0 = Debug|Any CPU
		{F9AEA06D-4827-4B85-9E08-EB980248B2EE}.Debug|x86.ActiveCfg = Debug|Any CPU
		{F9AEA06D-4827-4B85-9E08-EB980248B2EE}.Debug|x86.Build.0 = Debug|Any CPU
		{F9AEA06D-4827-4B85-9E08-EB980248B2EE}.Release|Any CPU.ActiveCfg = Release|Any CPU
		{F9AEA06D-4827-4B85-9E08-EB980248B2EE}.Release|Any CPU.Build.0 = Release|Any CPU
		{F9AEA06D-4827-4B85-9E08-EB980248B2EE}.Release|x64.ActiveCfg = Release|Any CPU
		{F9AEA06D-4827-4B85-9E08-EB980248B2EE}.Release|x64.Build.0 = Release|Any CPU
		{F9AEA06D-4827-4B85-9E08-EB980248B2EE}.Release|x86.ActiveCfg = Release|Any CPU
		{F9AEA06D-4827-4B85-9E08-EB980248B2EE}.Release|x86.Build.0 = Release|Any CPU
	EndGlobalSection
EndGlobal
